
Microsoft Visual Studio Solution File, Format Version 12.00
# Visual Studio Version 17
VisualStudioVersion = 17.6.33829.357
MinimumVisualStudioVersion = 10.0.40219.1
Project("{8BC9CEB8-8B4A-11D0-8D11-00A0C91BC942}") = "实训六", "实训六\实训六.vcxproj", "{826B5ECF-1B75-47F1-B6FD-F1E37FA1182D}"
EndProject
Global
	GlobalSection(SolutionConfigurationPlatforms) = preSolution
		Debug|x64 = Debug|x64
		Debug|x86 = Debug|x86
		Release|x64 = Release|x64
		Release|x86 = Release|x86
	EndGlobalSection
	GlobalSection(ProjectConfigurationPlatforms) = postSolution
		{826B5ECF-1B75-47F1-B6FD-F1E37FA1182D}.Debug|x64.ActiveCfg = Debug|x64
		{826B5ECF-1B75-47F1-B6FD-F1E37FA1182D}.Debug|x64.Build.0 = Debug|x64
		{826B5ECF-1B75-47F1-B6FD-F1E37FA1182D}.Debug|x86.ActiveCfg = Debug|Win32
		{826B5ECF-1B75-47F1-B6FD-F1E37FA1182D}.Debug|x86.Build.0 = Debug|Win32
		{826B5ECF-1B75-47F1-B6FD-F1E37FA1182D}.Release|x64.ActiveCfg = Release|x64
		{826B5ECF-1B75-47F1-B6FD-F1E37FA1182D}.Release|x64.Build.0 = Release|x64
		{826B5ECF-1B75-47F1-B6FD-F1E37FA1182D}.Release|x86.ActiveCfg = Release|Win32
		{826B5ECF-1B75-47F1-B6FD-F1E37FA1182D}.Release|x86.Build.0 = Release|Win32
	EndGlobalSection
	GlobalSection(SolutionProperties) = preSolution
		HideSolutionNode = FALSE
	EndGlobalSection
	GlobalSection(ExtensibilityGlobals) = postSolution
		SolutionGuid = {57A5E9FC-8C0B-4478-B592-ED17F6AFB6D4}
	EndGlobalSection
EndGlobal
